
Microsoft Visual Studio Solution File, Format Version 12.00
# Visual Studio Version 17
VisualStudioVersion = 17.7.34003.232
MinimumVisualStudioVersion = 10.0.40219.1
Project("{2150E333-8FDC-42A3-9474-1A3956D46DE8}") = "Solution Items", "Solution Items", "{3247A3B5-10D4-45FA-A6F0-0933C05BF39F}"
	ProjectSection(SolutionItems) = preProject
		Readme.md = Readme.md
	EndProjectSection
EndProject
Project("{9A19103F-16F7-4668-BE54-9A1E7A4F7556}") = "AzureOpenAIHelper", "AzureOpenAIHelper\AzureOpenAIHelper.csproj", "{14B858A8-96D7-4C38-BE76-7E3E6119CD94}"
EndProject
Project("{9A19103F-16F7-4668-BE54-9A1E7A4F7556}") = "WeChatWebApi", "WeChatWebApi\WeChatWebApi.csproj", "{D5E7AC72-E9E9-4444-BCB7-CC06988A1DD9}"
EndProject
Project("{9A19103F-16F7-4668-BE54-9A1E7A4F7556}") = "WebApiApp", "OpenAIWebApiApp\WebApiApp.csproj", "{34D5E17A-5ABA-4F8F-AACA-1E8D04102807}"
EndProject
Global
	GlobalSection(SolutionConfigurationPlatforms) = preSolution
		Debug|Any CPU = Debug|Any CPU
		Release|Any CPU = Release|Any CPU
	EndGlobalSection
	GlobalSection(ProjectConfigurationPlatforms) = postSolution
		{14B858A8-96D7-4C38-BE76-7E3E6119CD94}.Debug|Any CPU.ActiveCfg = Debug|Any CPU
		{14B858A8-96D7-4C38-BE76-7E3E6119CD94}.Debug|Any CPU.Build.0 = Debug|Any CPU
		{14B858A8-96D7-4C38-BE76-7E3E6119CD94}.Release|Any CPU.ActiveCfg = Release|Any CPU
		{14B858A8-96D7-4C38-BE76-7E3E6119CD94}.Release|Any CPU.Build.0 = Release|Any CPU
		{D5E7AC72-E9E9-4444-BCB7-CC06988A1DD9}.Debug|Any CPU.ActiveCfg = Debug|Any CPU
		{D5E7AC72-E9E9-4444-BCB7-CC06988A1DD9}.Debug|Any CPU.Build.0 = Debug|Any CPU
		{D5E7AC72-E9E9-4444-BCB7-CC06988A1DD9}.Release|Any CPU.ActiveCfg = Release|Any CPU
		{D5E7AC72-E9E9-4444-BCB7-CC06988A1DD9}.Release|Any CPU.Build.0 = Release|Any CPU
		{34D5E17A-5ABA-4F8F-AACA-1E8D04102807}.Debug|Any CPU.ActiveCfg = Debug|Any CPU
		{34D5E17A-5ABA-4F8F-AACA-1E8D04102807}.Debug|Any CPU.Build.0 = Debug|Any CPU
		{34D5E17A-5ABA-4F8F-AACA-1E8D04102807}.Release|Any CPU.ActiveCfg = Release|Any CPU
		{34D5E17A-5ABA-4F8F-AACA-1E8D04102807}.Release|Any CPU.Build.0 = Release|Any CPU
	EndGlobalSection
	GlobalSection(SolutionProperties) = preSolution
		HideSolutionNode = FALSE
	EndGlobalSection
	GlobalSection(ExtensibilityGlobals) = postSolution
		SolutionGuid = {2FAEAC20-E6CF-4CB1-A9D9-5D95CC53F7A4}
	EndGlobalSection
EndGlobal
