
Microsoft Visual Studio Solution File, Format Version 12.00
# Visual Studio Version 17
VisualStudioVersion = 17.7.34003.232
MinimumVisualStudioVersion = 10.0.40219.1
Project("{9A19103F-16F7-4668-BE54-9A1E7A4F7556}") = "WebApi", "WebApi\WebApi.csproj", "{C73A08DF-49DE-4773-8504-87074F33B702}"
EndProject
Project("{2150E333-8FDC-42A3-9474-1A3956D46DE8}") = "Solution Items", "Solution Items", "{3247A3B5-10D4-45FA-A6F0-0933C05BF39F}"
	ProjectSection(SolutionItems) = preProject
		Readme.md = Readme.md
	EndProjectSection
EndProject
Global
	GlobalSection(SolutionConfigurationPlatforms) = preSolution
		Debug|Any CPU = Debug|Any CPU
		Release|Any CPU = Release|Any CPU
	EndGlobalSection
	GlobalSection(ProjectConfigurationPlatforms) = postSolution
		{C73A08DF-49DE-4773-8504-87074F33B702}.Debug|Any CPU.ActiveCfg = Debug|Any CPU
		{C73A08DF-49DE-4773-8504-87074F33B702}.Debug|Any CPU.Build.0 = Debug|Any CPU
		{C73A08DF-49DE-4773-8504-87074F33B702}.Release|Any CPU.ActiveCfg = Release|Any CPU
		{C73A08DF-49DE-4773-8504-87074F33B702}.Release|Any CPU.Build.0 = Release|Any CPU
	EndGlobalSection
	GlobalSection(SolutionProperties) = preSolution
		HideSolutionNode = FALSE
	EndGlobalSection
	GlobalSection(ExtensibilityGlobals) = postSolution
		SolutionGuid = {2FAEAC20-E6CF-4CB1-A9D9-5D95CC53F7A4}
	EndGlobalSection
EndGlobal
